
Microsoft Visual Studio Solution File, Format Version 12.00
# Visual Studio Express 15 for Windows Desktop
VisualStudioVersion = 15.0.28307.902
MinimumVisualStudioVersion = 10.0.40219.1
Project("{FAE04EC0-301F-11D3-BF4B-00C04F79EFBC}") = "ShoesApp", "ShoesApp\ShoesApp.csproj", "{47883C5A-CCDB-4B06-9F04-A02252CEE512}"
EndProject
Project("{FAE04EC0-301F-11D3-BF4B-00C04F79EFBC}") = "Shoes_Bussines", "Shoes_Bussines\Shoes_Bussines.csproj", "{CED1D1CB-4182-484F-8439-0125584A3B73}"
EndProject
Project("{FAE04EC0-301F-11D3-BF4B-00C04F79EFBC}") = "Shoes_Data", "Shoes_Data\Shoes_Data.csproj", "{B30B23A1-0307-410A-AA5A-F27EF32C07E2}"
EndProject
Global
	GlobalSection(SolutionConfigurationPlatforms) = preSolution
		Debug|Any CPU = Debug|Any CPU
		Release|Any CPU = Release|Any CPU
	EndGlobalSection
	GlobalSection(ProjectConfigurationPlatforms) = postSolution
		{47883C5A-CCDB-4B06-9F04-A02252CEE512}.Debug|Any CPU.ActiveCfg = Debug|Any CPU
		{47883C5A-CCDB-4B06-9F04-A02252CEE512}.Debug|Any CPU.Build.0 = Debug|Any CPU
		{47883C5A-CCDB-4B06-9F04-A02252CEE512}.Release|Any CPU.ActiveCfg = Release|Any CPU
		{47883C5A-CCDB-4B06-9F04-A02252CEE512}.Release|Any CPU.Build.0 = Release|Any CPU
		{CED1D1CB-4182-484F-8439-0125584A3B73}.Debug|Any CPU.ActiveCfg = Debug|Any CPU
		{CED1D1CB-4182-484F-8439-0125584A3B73}.Debug|Any CPU.Build.0 = Debug|Any CPU
		{CED1D1CB-4182-484F-8439-0125584A3B73}.Release|Any CPU.ActiveCfg = Release|Any CPU
		{CED1D1CB-4182-484F-8439-0125584A3B73}.Release|Any CPU.Build.0 = Release|Any CPU
		{B30B23A1-0307-410A-AA5A-F27EF32C07E2}.Debug|Any CPU.ActiveCfg = Debug|Any CPU
		{B30B23A1-0307-410A-AA5A-F27EF32C07E2}.Debug|Any CPU.Build.0 = Debug|Any CPU
		{B30B23A1-0307-410A-AA5A-F27EF32C07E2}.Release|Any CPU.ActiveCfg = Release|Any CPU
		{B30B23A1-0307-410A-AA5A-F27EF32C07E2}.Release|Any CPU.Build.0 = Release|Any CPU
	EndGlobalSection
	GlobalSection(SolutionProperties) = preSolution
		HideSolutionNode = FALSE
	EndGlobalSection
	GlobalSection(ExtensibilityGlobals) = postSolution
		SolutionGuid = {DB9503AA-9AE2-4C9F-8D11-95877E452109}
	EndGlobalSection
EndGlobal
